
Microsoft Visual Studio Solution File, Format Version 12.00
# Visual Studio Version 17
VisualStudioVersion = 17.0.31903.59
MinimumVisualStudioVersion = 10.0.40219.1
Project("{FAE04EC0-301F-11D3-BF4B-00C04F79EFBC}") = "NLogproject", "NLogproject\NLogproject.csproj", "{117DCF37-7D45-4804-8B51-29D3E529C33D}"
EndProject
Global
	GlobalSection(SolutionConfigurationPlatforms) = preSolution
		Debug|Any CPU = Debug|Any CPU
		Release|Any CPU = Release|Any CPU
	EndGlobalSection
	GlobalSection(ProjectConfigurationPlatforms) = postSolution
		{117DCF37-7D45-4804-8B51-29D3E529C33D}.Debug|Any CPU.ActiveCfg = Debug|Any CPU
		{117DCF37-7D45-4804-8B51-29D3E529C33D}.Debug|Any CPU.Build.0 = Debug|Any CPU
		{117DCF37-7D45-4804-8B51-29D3E529C33D}.Release|Any CPU.ActiveCfg = Release|Any CPU
		{117DCF37-7D45-4804-8B51-29D3E529C33D}.Release|Any CPU.Build.0 = Release|Any CPU
	EndGlobalSection
	GlobalSection(SolutionProperties) = preSolution
		HideSolutionNode = FALSE
	EndGlobalSection
	GlobalSection(ExtensibilityGlobals) = postSolution
		SolutionGuid = {C2F5B6E7-8642-4E6F-8669-337FAB809E74}
	EndGlobalSection
EndGlobal
